
Microsoft Visual Studio Solution File, Format Version 12.00
# Visual Studio Version 16
VisualStudioVersion = 16.0.30503.244
MinimumVisualStudioVersion = 10.0.40219.1
Project("{9A19103F-16F7-4668-BE54-9A1E7A4F7556}") = "CourseLibrary.API", "CourseLibrary.API.csproj", "{B583B775-FC32-49D0-9E0A-172B5B454284}"
EndProject
Global
	GlobalSection(SolutionConfigurationPlatforms) = preSolution
		Debug|Any CPU = Debug|Any CPU
		Release|Any CPU = Release|Any CPU
	EndGlobalSection
	GlobalSection(ProjectConfigurationPlatforms) = postSolution
		{B583B775-FC32-49D0-9E0A-172B5B454284}.Debug|Any CPU.ActiveCfg = Debug|Any CPU
		{B583B775-FC32-49D0-9E0A-172B5B454284}.Debug|Any CPU.Build.0 = Debug|Any CPU
		{B583B775-FC32-49D0-9E0A-172B5B454284}.Release|Any CPU.ActiveCfg = Release|Any CPU
		{B583B775-FC32-49D0-9E0A-172B5B454284}.Release|Any CPU.Build.0 = Release|Any CPU
	EndGlobalSection
	GlobalSection(SolutionProperties) = preSolution
		HideSolutionNode = FALSE
	EndGlobalSection
	GlobalSection(ExtensibilityGlobals) = postSolution
		SolutionGuid = {7D915F64-B608-4497-A365-AA8439B553AF}
	EndGlobalSection
EndGlobal
